// !$*UTF8*$!
{
	archiveVersion = 1;
	classes = {
	};
	objectVersion = 50;
	objects = {

/* Begin PBXBuildFile section */
		632FCFF520D1842E00FF5862 /* AppDelegate.swift in Sources */ = {isa = PBXBuildFile; fileRef = 632FCFF420D1842E00FF5862 /* AppDelegate.swift */; };
		632FCFF720D1842E00FF5862 /* ViewController.swift in Sources */ = {isa = PBXBuildFile; fileRef = 632FCFF620D1842E00FF5862 /* ViewController.swift */; };
		632FCFF920D1842F00FF5862 /* Assets.xcassets in Resources */ = {isa = PBXBuildFile; fileRef = 632FCFF820D1842F00FF5862 /* Assets.xcassets */; };
		632FCFFC20D1842F00FF5862 /* Main.storyboard in Resources */ = {isa = PBXBuildFile; fileRef = 632FCFFA20D1842F00FF5862 /* Main.storyboard */; };
		632FD00820D187CA00FF5862 /* MenuViewController.swift in Sources */ = {isa = PBXBuildFile; fileRef = 632FD00620D187CA00FF5862 /* MenuViewController.swift */; };
		632FD00920D187CA00FF5862 /* MenuViewController.xib in Resources */ = {isa = PBXBuildFile; fileRef = 632FD00720D187CA00FF5862 /* MenuViewController.xib */; };
		632FD00B20D1913900FF5862 /* EventMonitor.swift in Sources */ = {isa = PBXBuildFile; fileRef = 632FD00A20D1913900FF5862 /* EventMonitor.swift */; };
		633DB68020D3061400D2F4ED /* LifeGlassHelper.app in Copy Files */ = {isa = PBXBuildFile; fileRef = 63E0484620D2F6560076BDF2 /* LifeGlassHelper.app */; settings = {ATTRIBUTES = (RemoveHeadersOnCopy, ); }; };
		63E0484920D2F6560076BDF2 /* HelperAppDelegate.swift in Sources */ = {isa = PBXBuildFile; fileRef = 63E0484820D2F6560076BDF2 /* HelperAppDelegate.swift */; };
		63E0484D20D2F6570076BDF2 /* Assets.xcassets in Resources */ = {isa = PBXBuildFile; fileRef = 63E0484C20D2F6570076BDF2 /* Assets.xcassets */; };
		63E0485020D2F6570076BDF2 /* Main.storyboard in Resources */ = {isa = PBXBuildFile; fileRef = 63E0484E20D2F6570076BDF2 /* Main.storyboard */; };
/* End PBXBuildFile section */

/* Begin PBXCopyFilesBuildPhase section */
		633DB67F20D305F200D2F4ED /* Copy Files */ = {
			isa = PBXCopyFilesBuildPhase;
			buildActionMask = 2147483647;
			dstPath = Contents/Library/LoginItems;
			dstSubfolderSpec = 1;
			files = (
				633DB68020D3061400D2F4ED /* LifeGlassHelper.app in Copy Files */,
			);
			name = "Copy Files";
			runOnlyForDeploymentPostprocessing = 0;
		};
/* End PBXCopyFilesBuildPhase section */

/* Begin PBXFileReference section */
		632FCFF120D1842E00FF5862 /* LifeGlass.app */ = {isa = PBXFileReference; explicitFileType = wrapper.application; includeInIndex = 0; path = LifeGlass.app; sourceTree = BUILT_PRODUCTS_DIR; };
		632FCFF420D1842E00FF5862 /* AppDelegate.swift */ = {isa = PBXFileReference; lastKnownFileType = sourcecode.swift; path = AppDelegate.swift; sourceTree = "<group>"; };
		632FCFF620D1842E00FF5862 /* ViewController.swift */ = {isa = PBXFileReference; lastKnownFileType = sourcecode.swift; path = ViewController.swift; sourceTree = "<group>"; };
		632FCFF820D1842F00FF5862 /* Assets.xcassets */ = {isa = PBXFileReference; lastKnownFileType = folder.assetcatalog; path = Assets.xcassets; sourceTree = "<group>"; };
		632FCFFB20D1842F00FF5862 /* Base */ = {isa = PBXFileReference; lastKnownFileType = file.storyboard; name = Base; path = Base.lproj/Main.storyboard; sourceTree = "<group>"; };
		632FCFFD20D1842F00FF5862 /* Info.plist */ = {isa = PBXFileReference; lastKnownFileType = text.plist.xml; path = Info.plist; sourceTree = "<group>"; };
		632FCFFE20D1842F00FF5862 /* Age.entitlements */ = {isa = PBXFileReference; lastKnownFileType = text.plist.entitlements; path = Age.entitlements; sourceTree = "<group>"; };
		632FD00620D187CA00FF5862 /* MenuViewController.swift */ = {isa = PBXFileReference; lastKnownFileType = sourcecode.swift; path = MenuViewController.swift; sourceTree = "<group>"; };
		632FD00720D187CA00FF5862 /* MenuViewController.xib */ = {isa = PBXFileReference; lastKnownFileType = file.xib; path = MenuViewController.xib; sourceTree = "<group>"; };
		632FD00A20D1913900FF5862 /* EventMonitor.swift */ = {isa = PBXFileReference; lastKnownFileType = sourcecode.swift; path = EventMonitor.swift; sourceTree = "<group>"; };
		63E0484620D2F6560076BDF2 /* LifeGlassHelper.app */ = {isa = PBXFileReference; explicitFileType = wrapper.application; includeInIndex = 0; path = LifeGlassHelper.app; sourceTree = BUILT_PRODUCTS_DIR; };
		63E0484820D2F6560076BDF2 /* HelperAppDelegate.swift */ = {isa = PBXFileReference; lastKnownFileType = sourcecode.swift; path = HelperAppDelegate.swift; sourceTree = "<group>"; };
		63E0484C20D2F6570076BDF2 /* Assets.xcassets */ = {isa = PBXFileReference; lastKnownFileType = folder.assetcatalog; path = Assets.xcassets; sourceTree = "<group>"; };
		63E0484F20D2F6570076BDF2 /* Base */ = {isa = PBXFileReference; lastKnownFileType = file.storyboard; name = Base; path = Base.lproj/Main.storyboard; sourceTree = "<group>"; };
		63E0485120D2F6570076BDF2 /* Info.plist */ = {isa = PBXFileReference; lastKnownFileType = text.plist.xml; path = Info.plist; sourceTree = "<group>"; };
		63E0485220D2F6570076BDF2 /* LifeGlassHelper.entitlements */ = {isa = PBXFileReference; lastKnownFileType = text.plist.entitlements; path = LifeGlassHelper.entitlements; sourceTree = "<group>"; };
/* End PBXFileReference section */

/* Begin PBXFrameworksBuildPhase section */
		632FCFEE20D1842E00FF5862 /* Frameworks */ = {
			isa = PBXFrameworksBuildPhase;
			buildActionMask = 2147483647;
			files = (
			);
			runOnlyForDeploymentPostprocessing = 0;
		};
		63E0484320D2F6560076BDF2 /* Frameworks */ = {
			isa = PBXFrameworksBuildPhase;
			buildActionMask = 2147483647;
			files = (
			);
			runOnlyForDeploymentPostprocessing = 0;
		};
/* End PBXFrameworksBuildPhase section */

/* Begin PBXGroup section */
		632FCFE820D1842D00FF5862 = {
			isa = PBXGroup;
			children = (
				632FCFF320D1842E00FF5862 /* Age */,
				63E0484720D2F6560076BDF2 /* LifeGlassHelper */,
				632FCFF220D1842E00FF5862 /* Products */,
			);
			sourceTree = "<group>";
		};
		632FCFF220D1842E00FF5862 /* Products */ = {
			isa = PBXGroup;
			children = (
				632FCFF120D1842E00FF5862 /* LifeGlass.app */,
				63E0484620D2F6560076BDF2 /* LifeGlassHelper.app */,
			);
			name = Products;
			sourceTree = "<group>";
		};
		632FCFF320D1842E00FF5862 /* Age */ = {
			isa = PBXGroup;
			children = (
				632FCFF420D1842E00FF5862 /* AppDelegate.swift */,
				632FCFF620D1842E00FF5862 /* ViewController.swift */,
				632FCFF820D1842F00FF5862 /* Assets.xcassets */,
				632FCFFA20D1842F00FF5862 /* Main.storyboard */,
				632FCFFD20D1842F00FF5862 /* Info.plist */,
				632FCFFE20D1842F00FF5862 /* Age.entitlements */,
				632FD00620D187CA00FF5862 /* MenuViewController.swift */,
				632FD00720D187CA00FF5862 /* MenuViewController.xib */,
				632FD00A20D1913900FF5862 /* EventMonitor.swift */,
			);
			path = Age;
			sourceTree = "<group>";
		};
		63E0484720D2F6560076BDF2 /* LifeGlassHelper */ = {
			isa = PBXGroup;
			children = (
				63E0484820D2F6560076BDF2 /* HelperAppDelegate.swift */,
				63E0484C20D2F6570076BDF2 /* Assets.xcassets */,
				63E0484E20D2F6570076BDF2 /* Main.storyboard */,
				63E0485120D2F6570076BDF2 /* Info.plist */,
				63E0485220D2F6570076BDF2 /* LifeGlassHelper.entitlements */,
			);
			path = LifeGlassHelper;
			sourceTree = "<group>";
		};
/* End PBXGroup section */

/* Begin PBXNativeTarget section */
		632FCFF020D1842E00FF5862 /* LifeGlass */ = {
			isa = PBXNativeTarget;
			buildConfigurationList = 632FD00120D1842F00FF5862 /* Build configuration list for PBXNativeTarget "LifeGlass" */;
			buildPhases = (
				632FCFED20D1842E00FF5862 /* Sources */,
				632FCFEE20D1842E00FF5862 /* Frameworks */,
				632FCFEF20D1842E00FF5862 /* Resources */,
				633DB67F20D305F200D2F4ED /* Copy Files */,
			);
			buildRules = (
			);
			dependencies = (
			);
			name = LifeGlass;
			productName = Age;
			productReference = 632FCFF120D1842E00FF5862 /* LifeGlass.app */;
			productType = "com.apple.product-type.application";
		};
		63E0484520D2F6560076BDF2 /* LifeGlassHelper */ = {
			isa = PBXNativeTarget;
			buildConfigurationList = 63E0485320D2F6570076BDF2 /* Build configuration list for PBXNativeTarget "LifeGlassHelper" */;
			buildPhases = (
				63E0484220D2F6560076BDF2 /* Sources */,
				63E0484320D2F6560076BDF2 /* Frameworks */,
				63E0484420D2F6560076BDF2 /* Resources */,
			);
			buildRules = (
			);
			dependencies = (
			);
			name = LifeGlassHelper;
			productName = LifeGlassHelper;
			productReference = 63E0484620D2F6560076BDF2 /* LifeGlassHelper.app */;
			productType = "com.apple.product-type.application";
		};
/* End PBXNativeTarget section */

/* Begin PBXProject section */
		632FCFE920D1842D00FF5862 /* Project object */ = {
			isa = PBXProject;
			attributes = {
				LastSwiftUpdateCheck = 0940;
				LastUpgradeCheck = 0940;
				ORGANIZATIONNAME = "David Song";
				TargetAttributes = {
					632FCFF020D1842E00FF5862 = {
						CreatedOnToolsVersion = 9.4;
					};
					63E0484520D2F6560076BDF2 = {
						CreatedOnToolsVersion = 9.4;
					};
				};
			};
			buildConfigurationList = 632FCFEC20D1842E00FF5862 /* Build configuration list for PBXProject "LifeGlass" */;
			compatibilityVersion = "Xcode 9.3";
			developmentRegion = en;
			hasScannedForEncodings = 0;
			knownRegions = (
				en,
				Base,
			);
			mainGroup = 632FCFE820D1842D00FF5862;
			productRefGroup = 632FCFF220D1842E00FF5862 /* Products */;
			projectDirPath = "";
			projectRoot = "";
			targets = (
				632FCFF020D1842E00FF5862 /* LifeGlass */,
				63E0484520D2F6560076BDF2 /* LifeGlassHelper */,
			);
		};
/* End PBXProject section */

/* Begin PBXResourcesBuildPhase section */
		632FCFEF20D1842E00FF5862 /* Resources */ = {
			isa = PBXResourcesBuildPhase;
			buildActionMask = 2147483647;
			files = (
				632FCFF920D1842F00FF5862 /* Assets.xcassets in Resources */,
				632FD00920D187CA00FF5862 /* MenuViewController.xib in Resources */,
				632FCFFC20D1842F00FF5862 /* Main.storyboard in Resources */,
			);
			runOnlyForDeploymentPostprocessing = 0;
		};
		63E0484420D2F6560076BDF2 /* Resources */ = {
			isa = PBXResourcesBuildPhase;
			buildActionMask = 2147483647;
			files = (
				63E0484D20D2F6570076BDF2 /* Assets.xcassets in Resources */,
				63E0485020D2F6570076BDF2 /* Main.storyboard in Resources */,
			);
			runOnlyForDeploymentPostprocessing = 0;
		};
/* End PBXResourcesBuildPhase section */

/* Begin PBXSourcesBuildPhase section */
		632FCFED20D1842E00FF5862 /* Sources */ = {
			isa = PBXSourcesBuildPhase;
			buildActionMask = 2147483647;
			files = (
				632FCFF720D1842E00FF5862 /* ViewController.swift in Sources */,
				632FD00820D187CA00FF5862 /* MenuViewController.swift in Sources */,
				632FCFF520D1842E00FF5862 /* AppDelegate.swift in Sources */,
				632FD00B20D1913900FF5862 /* EventMonitor.swift in Sources */,
			);
			runOnlyForDeploymentPostprocessing = 0;
		};
		63E0484220D2F6560076BDF2 /* Sources */ = {
			isa = PBXSourcesBuildPhase;
			buildActionMask = 2147483647;
			files = (
				63E0484920D2F6560076BDF2 /* HelperAppDelegate.swift in Sources */,
			);
			runOnlyForDeploymentPostprocessing = 0;
		};
/* End PBXSourcesBuildPhase section */

/* Begin PBXVariantGroup section */
		632FCFFA20D1842F00FF5862 /* Main.storyboard */ = {
			isa = PBXVariantGroup;
			children = (
				632FCFFB20D1842F00FF5862 /* Base */,
			);
			name = Main.storyboard;
			sourceTree = "<group>";
		};
		63E0484E20D2F6570076BDF2 /* Main.storyboard */ = {
			isa = PBXVariantGroup;
			children = (
				63E0484F20D2F6570076BDF2 /* Base */,
			);
			name = Main.storyboard;
			sourceTree = "<group>";
		};
/* End PBXVariantGroup section */

/* Begin XCBuildConfiguration section */
		632FCFFF20D1842F00FF5862 /* Debug */ = {
			isa = XCBuildConfiguration;
			buildSettings = {
				ALWAYS_SEARCH_USER_PATHS = NO;
				CLANG_ANALYZER_NONNULL = YES;
				CLANG_ANALYZER_NUMBER_OBJECT_CONVERSION = YES_AGGRESSIVE;
				CLANG_CXX_LANGUAGE_STANDARD = "gnu++14";
				CLANG_CXX_LIBRARY = "libc++";
				CLANG_ENABLE_MODULES = YES;
				CLANG_ENABLE_OBJC_ARC = YES;
				CLANG_ENABLE_OBJC_WEAK = YES;
				CLANG_WARN_BLOCK_CAPTURE_AUTORELEASING = YES;
				CLANG_WARN_BOOL_CONVERSION = YES;
				CLANG_WARN_COMMA = YES;
				CLANG_WARN_CONSTANT_CONVERSION = YES;
				CLANG_WARN_DEPRECATED_OBJC_IMPLEMENTATIONS = YES;
				CLANG_WARN_DIRECT_OBJC_ISA_USAGE = YES_ERROR;
				CLANG_WARN_DOCUMENTATION_COMMENTS = YES;
				CLANG_WARN_EMPTY_BODY = YES;
				CLANG_WARN_ENUM_CONVERSION = YES;
				CLANG_WARN_INFINITE_RECURSION = YES;
				CLANG_WARN_INT_CONVERSION = YES;
				CLANG_WARN_NON_LITERAL_NULL_CONVERSION = YES;
				CLANG_WARN_OBJC_IMPLICIT_RETAIN_SELF = YES;
				CLANG_WARN_OBJC_LITERAL_CONVERSION = YES;
				CLANG_WARN_OBJC_ROOT_CLASS = YES_ERROR;
				CLANG_WARN_RANGE_LOOP_ANALYSIS = YES;
				CLANG_WARN_STRICT_PROTOTYPES = YES;
				CLANG_WARN_SUSPICIOUS_MOVE = YES;
				CLANG_WARN_UNGUARDED_AVAILABILITY = YES_AGGRESSIVE;
				CLANG_WARN_UNREACHABLE_CODE = YES;
				CLANG_WARN__DUPLICATE_METHOD_MATCH = YES;
				CODE_SIGN_IDENTITY = "";
				COPY_PHASE_STRIP = NO;
				DEBUG_INFORMATION_FORMAT = dwarf;
				ENABLE_STRICT_OBJC_MSGSEND = YES;
				ENABLE_TESTABILITY = YES;
				GCC_C_LANGUAGE_STANDARD = gnu11;
				GCC_DYNAMIC_NO_PIC = NO;
				GCC_NO_COMMON_BLOCKS = YES;
				GCC_OPTIMIZATION_LEVEL = 0;
				GCC_PREPROCESSOR_DEFINITIONS = (
					"DEBUG=1",
					"$(inherited)",
				);
				GCC_WARN_64_TO_32_BIT_CONVERSION = YES;
				GCC_WARN_ABOUT_RETURN_TYPE = YES_ERROR;
				GCC_WARN_UNDECLARED_SELECTOR = YES;
				GCC_WARN_UNINITIALIZED_AUTOS = YES_AGGRESSIVE;
				GCC_WARN_UNUSED_FUNCTION = YES;
				GCC_WARN_UNUSED_VARIABLE = YES;
				MACOSX_DEPLOYMENT_TARGET = 10.13;
				MTL_ENABLE_DEBUG_INFO = YES;
				ONLY_ACTIVE_ARCH = YES;
				SDKROOT = macosx;
				SWIFT_ACTIVE_COMPILATION_CONDITIONS = DEBUG;
				SWIFT_OPTIMIZATION_LEVEL = "-Onone";
			};
			name = Debug;
		};
		632FD00020D1842F00FF5862 /* Release */ = {
			isa = XCBuildConfiguration;
			buildSettings = {
				ALWAYS_SEARCH_USER_PATHS = NO;
				CLANG_ANALYZER_NONNULL = YES;
				CLANG_ANALYZER_NUMBER_OBJECT_CONVERSION = YES_AGGRESSIVE;
				CLANG_CXX_LANGUAGE_STANDARD = "gnu++14";
				CLANG_CXX_LIBRARY = "libc++";
				CLANG_ENABLE_MODULES = YES;
				CLANG_ENABLE_OBJC_ARC = YES;
				CLANG_ENABLE_OBJC_WEAK = YES;
				CLANG_WARN_BLOCK_CAPTURE_AUTORELEASING = YES;
				CLANG_WARN_BOOL_CONVERSION = YES;
				CLANG_WARN_COMMA = YES;
				CLANG_WARN_CONSTANT_CONVERSION = YES;
				CLANG_WARN_DEPRECATED_OBJC_IMPLEMENTATIONS = YES;
				CLANG_WARN_DIRECT_OBJC_ISA_USAGE = YES_ERROR;
				CLANG_WARN_DOCUMENTATION_COMMENTS = YES;
				CLANG_WARN_EMPTY_BODY = YES;
				CLANG_WARN_ENUM_CONVERSION = YES;
				CLANG_WARN_INFINITE_RECURSION = YES;
				CLANG_WARN_INT_CONVERSION = YES;
				CLANG_WARN_NON_LITERAL_NULL_CONVERSION = YES;
				CLANG_WARN_OBJC_IMPLICIT_RETAIN_SELF = YES;
				CLANG_WARN_OBJC_LITERAL_CONVERSION = YES;
				CLANG_WARN_OBJC_ROOT_CLASS = YES_ERROR;
				CLANG_WARN_RANGE_LOOP_ANALYSIS = YES;
				CLANG_WARN_STRICT_PROTOTYPES = YES;
				CLANG_WARN_SUSPICIOUS_MOVE = YES;
				CLANG_WARN_UNGUARDED_AVAILABILITY = YES_AGGRESSIVE;
				CLANG_WARN_UNREACHABLE_CODE = YES;
				CLANG_WARN__DUPLICATE_METHOD_MATCH = YES;
				CODE_SIGN_IDENTITY = "";
				COPY_PHASE_STRIP = NO;
				DEBUG_INFORMATION_FORMAT = "dwarf-with-dsym";
				ENABLE_NS_ASSERTIONS = NO;
				ENABLE_STRICT_OBJC_MSGSEND = YES;
				GCC_C_LANGUAGE_STANDARD = gnu11;
				GCC_NO_COMMON_BLOCKS = YES;
				GCC_WARN_64_TO_32_BIT_CONVERSION = YES;
				GCC_WARN_ABOUT_RETURN_TYPE = YES_ERROR;
				GCC_WARN_UNDECLARED_SELECTOR = YES;
				GCC_WARN_UNINITIALIZED_AUTOS = YES_AGGRESSIVE;
				GCC_WARN_UNUSED_FUNCTION = YES;
				GCC_WARN_UNUSED_VARIABLE = YES;
				MACOSX_DEPLOYMENT_TARGET = 10.13;
				MTL_ENABLE_DEBUG_INFO = NO;
				SDKROOT = macosx;
				SWIFT_COMPILATION_MODE = wholemodule;
				SWIFT_OPTIMIZATION_LEVEL = "-O";
			};
			name = Release;
		};
		632FD00220D1842F00FF5862 /* Debug */ = {
			isa = XCBuildConfiguration;
			buildSettings = {
				ASSETCATALOG_COMPILER_APPICON_NAME = AppIcon;
				CODE_SIGN_ENTITLEMENTS = Age/Age.entitlements;
				CODE_SIGN_IDENTITY = "";
				CODE_SIGN_STYLE = Automatic;
				COMBINE_HIDPI_IMAGES = YES;
				DEVELOPMENT_TEAM = 9A9FN94XSK;
				INFOPLIST_FILE = Age/Info.plist;
				LD_RUNPATH_SEARCH_PATHS = (
					"$(inherited)",
					"@executable_path/../Frameworks",
				);
				PRODUCT_BUNDLE_IDENTIFIER = com.davidtsong.lifeglass;
				PRODUCT_NAME = "$(TARGET_NAME)";
				PROVISIONING_PROFILE_SPECIFIER = "";
				SWIFT_VERSION = 4.0;
			};
			name = Debug;
		};
		632FD00320D1842F00FF5862 /* Release */ = {
			isa = XCBuildConfiguration;
			buildSettings = {
				ASSETCATALOG_COMPILER_APPICON_NAME = AppIcon;
				CODE_SIGN_ENTITLEMENTS = Age/Age.entitlements;
				CODE_SIGN_IDENTITY = "";
				CODE_SIGN_STYLE = Automatic;
				COMBINE_HIDPI_IMAGES = YES;
				DEVELOPMENT_TEAM = 9A9FN94XSK;
				INFOPLIST_FILE = Age/Info.plist;
				LD_RUNPATH_SEARCH_PATHS = (
					"$(inherited)",
					"@executable_path/../Frameworks",
				);
				PRODUCT_BUNDLE_IDENTIFIER = com.davidtsong.lifeglass;
				PRODUCT_NAME = "$(TARGET_NAME)";
				PROVISIONING_PROFILE_SPECIFIER = "";
				SWIFT_VERSION = 4.0;
			};
			name = Release;
		};
		63E0485420D2F6570076BDF2 /* Debug */ = {
			isa = XCBuildConfiguration;
			buildSettings = {
				ASSETCATALOG_COMPILER_APPICON_NAME = AppIcon;
				CODE_SIGN_ENTITLEMENTS = LifeGlassHelper/LifeGlassHelper.entitlements;
				CODE_SIGN_IDENTITY = "";
				CODE_SIGN_STYLE = Automatic;
				COMBINE_HIDPI_IMAGES = YES;
				DEVELOPMENT_TEAM = 9A9FN94XSK;
				INFOPLIST_FILE = LifeGlassHelper/Info.plist;
				LD_RUNPATH_SEARCH_PATHS = (
					"$(inherited)",
					"@executable_path/../Frameworks",
				);
				PRODUCT_BUNDLE_IDENTIFIER = com.davidtsong.lifeglasshelper;
				PRODUCT_NAME = "$(TARGET_NAME)";
				PROVISIONING_PROFILE_SPECIFIER = "";
				SKIP_INSTALL = YES;
				SWIFT_VERSION = 4.0;
			};
			name = Debug;
		};
		63E0485520D2F6570076BDF2 /* Release */ = {
			isa = XCBuildConfiguration;
			buildSettings = {
				ASSETCATALOG_COMPILER_APPICON_NAME = AppIcon;
				CODE_SIGN_ENTITLEMENTS = LifeGlassHelper/LifeGlassHelper.entitlements;
				CODE_SIGN_IDENTITY = "";
				CODE_SIGN_STYLE = Automatic;
				COMBINE_HIDPI_IMAGES = YES;
				DEVELOPMENT_TEAM = 9A9FN94XSK;
				INFOPLIST_FILE = LifeGlassHelper/Info.plist;
				LD_RUNPATH_SEARCH_PATHS = (
					"$(inherited)",
					"@executable_path/../Frameworks",
				);
				PRODUCT_BUNDLE_IDENTIFIER = com.davidtsong.lifeglasshelper;
				PRODUCT_NAME = "$(TARGET_NAME)";
				PROVISIONING_PROFILE_SPECIFIER = "";
				SKIP_INSTALL = YES;
				SWIFT_VERSION = 4.0;
			};
			name = Release;
		};
/* End XCBuildConfiguration section */

/* Begin XCConfigurationList section */
		632FCFEC20D1842E00FF5862 /* Build configuration list for PBXProject "LifeGlass" */ = {
			isa = XCConfigurationList;
			buildConfigurations = (
				632FCFFF20D1842F00FF5862 /* Debug */,
				632FD00020D1842F00FF5862 /* Release */,
			);
			defaultConfigurationIsVisible = 0;
			defaultConfigurationName = Release;
		};
		632FD00120D1842F00FF5862 /* Build configuration list for PBXNativeTarget "LifeGlass" */ = {
			isa = XCConfigurationList;
			buildConfigurations = (
				632FD00220D1842F00FF5862 /* Debug */,
				632FD00320D1842F00FF5862 /* Release */,
			);
			defaultConfigurationIsVisible = 0;
			defaultConfigurationName = Release;
		};
		63E0485320D2F6570076BDF2 /* Build configuration list for PBXNativeTarget "LifeGlassHelper" */ = {
			isa = XCConfigurationList;
			buildConfigurations = (
				63E0485420D2F6570076BDF2 /* Debug */,
				63E0485520D2F6570076BDF2 /* Release */,
			);
			defaultConfigurationIsVisible = 0;
			defaultConfigurationName = Release;
		};
/* End XCConfigurationList section */
	};
	rootObject = 632FCFE920D1842D00FF5862 /* Project object */;
}
